
Microsoft Visual Studio Solution File, Format Version 12.00
# Visual Studio Version 17
VisualStudioVersion = 17.1.32228.430
MinimumVisualStudioVersion = 10.0.40219.1
Project("{FAE04EC0-301F-11D3-BF4B-00C04F79EFBC}") = "NavGlasses.Android", "NavGlasses\NavGlasses.Android\NavGlasses.Android.csproj", "{DF586F08-B302-414A-8BC0-CBC95DA6AB41}"
EndProject
Project("{FAE04EC0-301F-11D3-BF4B-00C04F79EFBC}") = "NavGlasses", "NavGlasses\NavGlasses\NavGlasses.csproj", "{D99D11E6-9B11-4895-9208-54B3082D008B}"
EndProject
Global
	GlobalSection(SolutionConfigurationPlatforms) = preSolution
		Debug|Any CPU = Debug|Any CPU
		Release|Any CPU = Release|Any CPU
	EndGlobalSection
	GlobalSection(ProjectConfigurationPlatforms) = postSolution
		{DF586F08-B302-414A-8BC0-CBC95DA6AB41}.Debug|Any CPU.ActiveCfg = Debug|Any CPU
		{DF586F08-B302-414A-8BC0-CBC95DA6AB41}.Debug|Any CPU.Build.0 = Debug|Any CPU
		{DF586F08-B302-414A-8BC0-CBC95DA6AB41}.Debug|Any CPU.Deploy.0 = Debug|Any CPU
		{DF586F08-B302-414A-8BC0-CBC95DA6AB41}.Release|Any CPU.ActiveCfg = Release|Any CPU
		{DF586F08-B302-414A-8BC0-CBC95DA6AB41}.Release|Any CPU.Build.0 = Release|Any CPU
		{DF586F08-B302-414A-8BC0-CBC95DA6AB41}.Release|Any CPU.Deploy.0 = Release|Any CPU
		{D99D11E6-9B11-4895-9208-54B3082D008B}.Debug|Any CPU.ActiveCfg = Debug|Any CPU
		{D99D11E6-9B11-4895-9208-54B3082D008B}.Debug|Any CPU.Build.0 = Debug|Any CPU
		{D99D11E6-9B11-4895-9208-54B3082D008B}.Debug|Any CPU.Deploy.0 = Debug|Any CPU
		{D99D11E6-9B11-4895-9208-54B3082D008B}.Release|Any CPU.ActiveCfg = Release|Any CPU
		{D99D11E6-9B11-4895-9208-54B3082D008B}.Release|Any CPU.Build.0 = Release|Any CPU
		{D99D11E6-9B11-4895-9208-54B3082D008B}.Release|Any CPU.Deploy.0 = Release|Any CPU
	EndGlobalSection
	GlobalSection(SolutionProperties) = preSolution
		HideSolutionNode = FALSE
	EndGlobalSection
	GlobalSection(ExtensibilityGlobals) = postSolution
		SolutionGuid = {0E19D5D8-FA37-419F-A4F4-D62E58525D30}
	EndGlobalSection
EndGlobal
